// !$*UTF8*$!
{
	archiveVersion = 1;
	classes = {
	};
	objectVersion = 48;
	objects = {

/* Begin PBXBuildFile section */
		6F348BAA20542F1A0093BF72 /* AppDelegate.swift in Sources */ = {isa = PBXBuildFile; fileRef = 6F348BA920542F1A0093BF72 /* AppDelegate.swift */; };
		6F348BB120542F1A0093BF72 /* Assets.xcassets in Resources */ = {isa = PBXBuildFile; fileRef = 6F348BB020542F1A0093BF72 /* Assets.xcassets */; };
		6F348BB420542F1A0093BF72 /* LaunchScreen.storyboard in Resources */ = {isa = PBXBuildFile; fileRef = 6F348BB220542F1A0093BF72 /* LaunchScreen.storyboard */; };
		6F348BBF20542F1B0093BF72 /* SwiftMVVMSampleTests.swift in Sources */ = {isa = PBXBuildFile; fileRef = 6F348BBE20542F1B0093BF72 /* SwiftMVVMSampleTests.swift */; };
		6F348BCA20542F1B0093BF72 /* SwiftMVVMSampleUITests.swift in Sources */ = {isa = PBXBuildFile; fileRef = 6F348BC920542F1B0093BF72 /* SwiftMVVMSampleUITests.swift */; };
		6F348BD920542FE30093BF72 /* SimpleViewController.swift in Sources */ = {isa = PBXBuildFile; fileRef = 6F348BD720542FE30093BF72 /* SimpleViewController.swift */; };
		6F348BDA20542FE30093BF72 /* SimpleViewController.xib in Resources */ = {isa = PBXBuildFile; fileRef = 6F348BD820542FE30093BF72 /* SimpleViewController.xib */; };
		6FCA88E5205438210030E9B4 /* SimpleViewModel.swift in Sources */ = {isa = PBXBuildFile; fileRef = 6FCA88E4205438210030E9B4 /* SimpleViewModel.swift */; };
		6FCA88E8205439980030E9B4 /* ViewControllerExtension.swift in Sources */ = {isa = PBXBuildFile; fileRef = 6FCA88E7205439980030E9B4 /* ViewControllerExtension.swift */; };
		6FCA88EB20543B970030E9B4 /* GithubService.swift in Sources */ = {isa = PBXBuildFile; fileRef = 6FCA88EA20543B970030E9B4 /* GithubService.swift */; };
		7C1CAC4E41F0BEA05E3013B7 /* Pods_SwiftMVVMSampleTests.framework in Frameworks */ = {isa = PBXBuildFile; fileRef = 43C49CF83F61DF5DBAC095AF /* Pods_SwiftMVVMSampleTests.framework */; };
		FA72DD6C26430D3B2AB98673 /* Pods_SwiftMVVMSampleUITests.framework in Frameworks */ = {isa = PBXBuildFile; fileRef = E2924EA91A4F629D60E1DB23 /* Pods_SwiftMVVMSampleUITests.framework */; };
		FD825F9E5B66A3E217F14646 /* Pods_SwiftMVVMSample.framework in Frameworks */ = {isa = PBXBuildFile; fileRef = 90B2EB112F86233BCD9020A8 /* Pods_SwiftMVVMSample.framework */; };
/* End PBXBuildFile section */

/* Begin PBXContainerItemProxy section */
		6F348BBB20542F1B0093BF72 /* PBXContainerItemProxy */ = {
			isa = PBXContainerItemProxy;
			containerPortal = 6F348B9E20542F1A0093BF72 /* Project object */;
			proxyType = 1;
			remoteGlobalIDString = 6F348BA520542F1A0093BF72;
			remoteInfo = SwiftMVVMSample;
		};
		6F348BC620542F1B0093BF72 /* PBXContainerItemProxy */ = {
			isa = PBXContainerItemProxy;
			containerPortal = 6F348B9E20542F1A0093BF72 /* Project object */;
			proxyType = 1;
			remoteGlobalIDString = 6F348BA520542F1A0093BF72;
			remoteInfo = SwiftMVVMSample;
		};
/* End PBXContainerItemProxy section */

/* Begin PBXFileReference section */
		26005C067D5DA8A3160F4778 /* Pods-SwiftMVVMSample.release.xcconfig */ = {isa = PBXFileReference; includeInIndex = 1; lastKnownFileType = text.xcconfig; name = "Pods-SwiftMVVMSample.release.xcconfig"; path = "Pods/Target Support Files/Pods-SwiftMVVMSample/Pods-SwiftMVVMSample.release.xcconfig"; sourceTree = "<group>"; };
		43C49CF83F61DF5DBAC095AF /* Pods_SwiftMVVMSampleTests.framework */ = {isa = PBXFileReference; explicitFileType = wrapper.framework; includeInIndex = 0; path = Pods_SwiftMVVMSampleTests.framework; sourceTree = BUILT_PRODUCTS_DIR; };
		6F348BA620542F1A0093BF72 /* SwiftMVVMSample.app */ = {isa = PBXFileReference; explicitFileType = wrapper.application; includeInIndex = 0; path = SwiftMVVMSample.app; sourceTree = BUILT_PRODUCTS_DIR; };
		6F348BA920542F1A0093BF72 /* AppDelegate.swift */ = {isa = PBXFileReference; lastKnownFileType = sourcecode.swift; path = AppDelegate.swift; sourceTree = "<group>"; };
		6F348BB020542F1A0093BF72 /* Assets.xcassets */ = {isa = PBXFileReference; lastKnownFileType = folder.assetcatalog; path = Assets.xcassets; sourceTree = "<group>"; };
		6F348BB320542F1A0093BF72 /* Base */ = {isa = PBXFileReference; lastKnownFileType = file.storyboard; name = Base; path = Base.lproj/LaunchScreen.storyboard; sourceTree = "<group>"; };
		6F348BB520542F1B0093BF72 /* Info.plist */ = {isa = PBXFileReference; lastKnownFileType = text.plist.xml; path = Info.plist; sourceTree = "<group>"; };
		6F348BBA20542F1B0093BF72 /* SwiftMVVMSampleTests.xctest */ = {isa = PBXFileReference; explicitFileType = wrapper.cfbundle; includeInIndex = 0; path = SwiftMVVMSampleTests.xctest; sourceTree = BUILT_PRODUCTS_DIR; };
		6F348BBE20542F1B0093BF72 /* SwiftMVVMSampleTests.swift */ = {isa = PBXFileReference; lastKnownFileType = sourcecode.swift; path = SwiftMVVMSampleTests.swift; sourceTree = "<group>"; };
		6F348BC020542F1B0093BF72 /* Info.plist */ = {isa = PBXFileReference; lastKnownFileType = text.plist.xml; path = Info.plist; sourceTree = "<group>"; };
		6F348BC520542F1B0093BF72 /* SwiftMVVMSampleUITests.xctest */ = {isa = PBXFileReference; explicitFileType = wrapper.cfbundle; includeInIndex = 0; path = SwiftMVVMSampleUITests.xctest; sourceTree = BUILT_PRODUCTS_DIR; };
		6F348BC920542F1B0093BF72 /* SwiftMVVMSampleUITests.swift */ = {isa = PBXFileReference; lastKnownFileType = sourcecode.swift; path = SwiftMVVMSampleUITests.swift; sourceTree = "<group>"; };
		6F348BCB20542F1B0093BF72 /* Info.plist */ = {isa = PBXFileReference; lastKnownFileType = text.plist.xml; path = Info.plist; sourceTree = "<group>"; };
		6F348BD720542FE30093BF72 /* SimpleViewController.swift */ = {isa = PBXFileReference; lastKnownFileType = sourcecode.swift; path = SimpleViewController.swift; sourceTree = "<group>"; };
		6F348BD820542FE30093BF72 /* SimpleViewController.xib */ = {isa = PBXFileReference; lastKnownFileType = file.xib; path = SimpleViewController.xib; sourceTree = "<group>"; };
		6FCA88E4205438210030E9B4 /* SimpleViewModel.swift */ = {isa = PBXFileReference; lastKnownFileType = sourcecode.swift; path = SimpleViewModel.swift; sourceTree = "<group>"; };
		6FCA88E7205439980030E9B4 /* ViewControllerExtension.swift */ = {isa = PBXFileReference; lastKnownFileType = sourcecode.swift; path = ViewControllerExtension.swift; sourceTree = "<group>"; };
		6FCA88EA20543B970030E9B4 /* GithubService.swift */ = {isa = PBXFileReference; lastKnownFileType = sourcecode.swift; path = GithubService.swift; sourceTree = "<group>"; };
		71DF7C13774ED92E6BEEAB4B /* Pods-SwiftMVVMSampleTests.release.xcconfig */ = {isa = PBXFileReference; includeInIndex = 1; lastKnownFileType = text.xcconfig; name = "Pods-SwiftMVVMSampleTests.release.xcconfig"; path = "Pods/Target Support Files/Pods-SwiftMVVMSampleTests/Pods-SwiftMVVMSampleTests.release.xcconfig"; sourceTree = "<group>"; };
		78B9274449E193E1A76DFE65 /* Pods-SwiftMVVMSampleUITests.release.xcconfig */ = {isa = PBXFileReference; includeInIndex = 1; lastKnownFileType = text.xcconfig; name = "Pods-SwiftMVVMSampleUITests.release.xcconfig"; path = "Pods/Target Support Files/Pods-SwiftMVVMSampleUITests/Pods-SwiftMVVMSampleUITests.release.xcconfig"; sourceTree = "<group>"; };
		879EB0E039C8D5CEB025E337 /* Pods-SwiftMVVMSampleTests.debug.xcconfig */ = {isa = PBXFileReference; includeInIndex = 1; lastKnownFileType = text.xcconfig; name = "Pods-SwiftMVVMSampleTests.debug.xcconfig"; path = "Pods/Target Support Files/Pods-SwiftMVVMSampleTests/Pods-SwiftMVVMSampleTests.debug.xcconfig"; sourceTree = "<group>"; };
		90B2EB112F86233BCD9020A8 /* Pods_SwiftMVVMSample.framework */ = {isa = PBXFileReference; explicitFileType = wrapper.framework; includeInIndex = 0; path = Pods_SwiftMVVMSample.framework; sourceTree = BUILT_PRODUCTS_DIR; };
		DD960F0BF86C5AE589D1D9AE /* Pods-SwiftMVVMSampleUITests.debug.xcconfig */ = {isa = PBXFileReference; includeInIndex = 1; lastKnownFileType = text.xcconfig; name = "Pods-SwiftMVVMSampleUITests.debug.xcconfig"; path = "Pods/Target Support Files/Pods-SwiftMVVMSampleUITests/Pods-SwiftMVVMSampleUITests.debug.xcconfig"; sourceTree = "<group>"; };
		DE8FBA5248B1FE26415FFE08 /* Pods-SwiftMVVMSample.debug.xcconfig */ = {isa = PBXFileReference; includeInIndex = 1; lastKnownFileType = text.xcconfig; name = "Pods-SwiftMVVMSample.debug.xcconfig"; path = "Pods/Target Support Files/Pods-SwiftMVVMSample/Pods-SwiftMVVMSample.debug.xcconfig"; sourceTree = "<group>"; };
		E2924EA91A4F629D60E1DB23 /* Pods_SwiftMVVMSampleUITests.framework */ = {isa = PBXFileReference; explicitFileType = wrapper.framework; includeInIndex = 0; path = Pods_SwiftMVVMSampleUITests.framework; sourceTree = BUILT_PRODUCTS_DIR; };
/* End PBXFileReference section */

/* Begin PBXFrameworksBuildPhase section */
		6F348BA320542F1A0093BF72 /* Frameworks */ = {
			isa = PBXFrameworksBuildPhase;
			buildActionMask = 2147483647;
			files = (
				FD825F9E5B66A3E217F14646 /* Pods_SwiftMVVMSample.framework in Frameworks */,
			);
			runOnlyForDeploymentPostprocessing = 0;
		};
		6F348BB720542F1B0093BF72 /* Frameworks */ = {
			isa = PBXFrameworksBuildPhase;
			buildActionMask = 2147483647;
			files = (
				7C1CAC4E41F0BEA05E3013B7 /* Pods_SwiftMVVMSampleTests.framework in Frameworks */,
			);
			runOnlyForDeploymentPostprocessing = 0;
		};
		6F348BC220542F1B0093BF72 /* Frameworks */ = {
			isa = PBXFrameworksBuildPhase;
			buildActionMask = 2147483647;
			files = (
				FA72DD6C26430D3B2AB98673 /* Pods_SwiftMVVMSampleUITests.framework in Frameworks */,
			);
			runOnlyForDeploymentPostprocessing = 0;
		};
/* End PBXFrameworksBuildPhase section */

/* Begin PBXGroup section */
		6F348B9D20542F1A0093BF72 = {
			isa = PBXGroup;
			children = (
				6F348BA820542F1A0093BF72 /* SwiftMVVMSample */,
				6F348BBD20542F1B0093BF72 /* SwiftMVVMSampleTests */,
				6F348BC820542F1B0093BF72 /* SwiftMVVMSampleUITests */,
				6F348BA720542F1A0093BF72 /* Products */,
				C1FB5002749FE68CFE6E43BB /* Pods */,
				E2D4C765A7C29BB7C7B13776 /* Frameworks */,
			);
			sourceTree = "<group>";
		};
		6F348BA720542F1A0093BF72 /* Products */ = {
			isa = PBXGroup;
			children = (
				6F348BA620542F1A0093BF72 /* SwiftMVVMSample.app */,
				6F348BBA20542F1B0093BF72 /* SwiftMVVMSampleTests.xctest */,
				6F348BC520542F1B0093BF72 /* SwiftMVVMSampleUITests.xctest */,
			);
			name = Products;
			sourceTree = "<group>";
		};
		6F348BA820542F1A0093BF72 /* SwiftMVVMSample */ = {
			isa = PBXGroup;
			children = (
				6FCA88E920543B890030E9B4 /* moya */,
				6FCA88E6205439830030E9B4 /* extension */,
				6FCA88E32054380B0030E9B4 /* ViewModel */,
				6F348BA920542F1A0093BF72 /* AppDelegate.swift */,
				6F348BB020542F1A0093BF72 /* Assets.xcassets */,
				6F348BB220542F1A0093BF72 /* LaunchScreen.storyboard */,
				6F348BB520542F1B0093BF72 /* Info.plist */,
				6F348BD720542FE30093BF72 /* SimpleViewController.swift */,
				6F348BD820542FE30093BF72 /* SimpleViewController.xib */,
			);
			path = SwiftMVVMSample;
			sourceTree = "<group>";
		};
		6F348BBD20542F1B0093BF72 /* SwiftMVVMSampleTests */ = {
			isa = PBXGroup;
			children = (
				6F348BBE20542F1B0093BF72 /* SwiftMVVMSampleTests.swift */,
				6F348BC020542F1B0093BF72 /* Info.plist */,
			);
			path = SwiftMVVMSampleTests;
			sourceTree = "<group>";
		};
		6F348BC820542F1B0093BF72 /* SwiftMVVMSampleUITests */ = {
			isa = PBXGroup;
			children = (
				6F348BC920542F1B0093BF72 /* SwiftMVVMSampleUITests.swift */,
				6F348BCB20542F1B0093BF72 /* Info.plist */,
			);
			path = SwiftMVVMSampleUITests;
			sourceTree = "<group>";
		};
		6FCA88E32054380B0030E9B4 /* ViewModel */ = {
			isa = PBXGroup;
			children = (
				6FCA88E4205438210030E9B4 /* SimpleViewModel.swift */,
			);
			path = ViewModel;
			sourceTree = "<group>";
		};
		6FCA88E6205439830030E9B4 /* extension */ = {
			isa = PBXGroup;
			children = (
				6FCA88E7205439980030E9B4 /* ViewControllerExtension.swift */,
			);
			path = extension;
			sourceTree = "<group>";
		};
		6FCA88E920543B890030E9B4 /* moya */ = {
			isa = PBXGroup;
			children = (
				6FCA88EA20543B970030E9B4 /* GithubService.swift */,
			);
			path = moya;
			sourceTree = "<group>";
		};
		C1FB5002749FE68CFE6E43BB /* Pods */ = {
			isa = PBXGroup;
			children = (
				DE8FBA5248B1FE26415FFE08 /* Pods-SwiftMVVMSample.debug.xcconfig */,
				26005C067D5DA8A3160F4778 /* Pods-SwiftMVVMSample.release.xcconfig */,
				879EB0E039C8D5CEB025E337 /* Pods-SwiftMVVMSampleTests.debug.xcconfig */,
				71DF7C13774ED92E6BEEAB4B /* Pods-SwiftMVVMSampleTests.release.xcconfig */,
				DD960F0BF86C5AE589D1D9AE /* Pods-SwiftMVVMSampleUITests.debug.xcconfig */,
				78B9274449E193E1A76DFE65 /* Pods-SwiftMVVMSampleUITests.release.xcconfig */,
			);
			name = Pods;
			sourceTree = "<group>";
		};
		E2D4C765A7C29BB7C7B13776 /* Frameworks */ = {
			isa = PBXGroup;
			children = (
				90B2EB112F86233BCD9020A8 /* Pods_SwiftMVVMSample.framework */,
				43C49CF83F61DF5DBAC095AF /* Pods_SwiftMVVMSampleTests.framework */,
				E2924EA91A4F629D60E1DB23 /* Pods_SwiftMVVMSampleUITests.framework */,
			);
			name = Frameworks;
			sourceTree = "<group>";
		};
/* End PBXGroup section */

/* Begin PBXNativeTarget section */
		6F348BA520542F1A0093BF72 /* SwiftMVVMSample */ = {
			isa = PBXNativeTarget;
			buildConfigurationList = 6F348BCE20542F1B0093BF72 /* Build configuration list for PBXNativeTarget "SwiftMVVMSample" */;
			buildPhases = (
				6AC7FCA939952119B33F8EF6 /* [CP] Check Pods Manifest.lock */,
				6F348BA220542F1A0093BF72 /* Sources */,
				6F348BA320542F1A0093BF72 /* Frameworks */,
				6F348BA420542F1A0093BF72 /* Resources */,
				7291DDF683AF5C3B88719DE6 /* [CP] Embed Pods Frameworks */,
				8BE5206397EA3A8EC362817E /* [CP] Copy Pods Resources */,
			);
			buildRules = (
			);
			dependencies = (
			);
			name = SwiftMVVMSample;
			productName = SwiftMVVMSample;
			productReference = 6F348BA620542F1A0093BF72 /* SwiftMVVMSample.app */;
			productType = "com.apple.product-type.application";
		};
		6F348BB920542F1B0093BF72 /* SwiftMVVMSampleTests */ = {
			isa = PBXNativeTarget;
			buildConfigurationList = 6F348BD120542F1B0093BF72 /* Build configuration list for PBXNativeTarget "SwiftMVVMSampleTests" */;
			buildPhases = (
				9DD70579E7E3555974286C91 /* [CP] Check Pods Manifest.lock */,
				6F348BB620542F1B0093BF72 /* Sources */,
				6F348BB720542F1B0093BF72 /* Frameworks */,
				6F348BB820542F1B0093BF72 /* Resources */,
				CE17D5D5E9A994EB43CF2971 /* [CP] Embed Pods Frameworks */,
				19D645F292A58EE78992410D /* [CP] Copy Pods Resources */,
			);
			buildRules = (
			);
			dependencies = (
				6F348BBC20542F1B0093BF72 /* PBXTargetDependency */,
			);
			name = SwiftMVVMSampleTests;
			productName = SwiftMVVMSampleTests;
			productReference = 6F348BBA20542F1B0093BF72 /* SwiftMVVMSampleTests.xctest */;
			productType = "com.apple.product-type.bundle.unit-test";
		};
		6F348BC420542F1B0093BF72 /* SwiftMVVMSampleUITests */ = {
			isa = PBXNativeTarget;
			buildConfigurationList = 6F348BD420542F1B0093BF72 /* Build configuration list for PBXNativeTarget "SwiftMVVMSampleUITests" */;
			buildPhases = (
				A3A9581EE37155833E54F994 /* [CP] Check Pods Manifest.lock */,
				6F348BC120542F1B0093BF72 /* Sources */,
				6F348BC220542F1B0093BF72 /* Frameworks */,
				6F348BC320542F1B0093BF72 /* Resources */,
				820CC5ECEE34E9A1D53E78FA /* [CP] Embed Pods Frameworks */,
				DA1F76D5C91B3431E62B4272 /* [CP] Copy Pods Resources */,
			);
			buildRules = (
			);
			dependencies = (
				6F348BC720542F1B0093BF72 /* PBXTargetDependency */,
			);
			name = SwiftMVVMSampleUITests;
			productName = SwiftMVVMSampleUITests;
			productReference = 6F348BC520542F1B0093BF72 /* SwiftMVVMSampleUITests.xctest */;
			productType = "com.apple.product-type.bundle.ui-testing";
		};
/* End PBXNativeTarget section */

/* Begin PBXProject section */
		6F348B9E20542F1A0093BF72 /* Project object */ = {
			isa = PBXProject;
			attributes = {
				LastSwiftUpdateCheck = 0920;
				LastUpgradeCheck = 0920;
				ORGANIZATIONNAME = "Spring Wong";
				TargetAttributes = {
					6F348BA520542F1A0093BF72 = {
						CreatedOnToolsVersion = 9.2;
						ProvisioningStyle = Automatic;
					};
					6F348BB920542F1B0093BF72 = {
						CreatedOnToolsVersion = 9.2;
						ProvisioningStyle = Automatic;
						TestTargetID = 6F348BA520542F1A0093BF72;
					};
					6F348BC420542F1B0093BF72 = {
						CreatedOnToolsVersion = 9.2;
						ProvisioningStyle = Automatic;
						TestTargetID = 6F348BA520542F1A0093BF72;
					};
				};
			};
			buildConfigurationList = 6F348BA120542F1A0093BF72 /* Build configuration list for PBXProject "SwiftMVVMSample" */;
			compatibilityVersion = "Xcode 8.0";
			developmentRegion = en;
			hasScannedForEncodings = 0;
			knownRegions = (
				en,
				Base,
			);
			mainGroup = 6F348B9D20542F1A0093BF72;
			productRefGroup = 6F348BA720542F1A0093BF72 /* Products */;
			projectDirPath = "";
			projectRoot = "";
			targets = (
				6F348BA520542F1A0093BF72 /* SwiftMVVMSample */,
				6F348BB920542F1B0093BF72 /* SwiftMVVMSampleTests */,
				6F348BC420542F1B0093BF72 /* SwiftMVVMSampleUITests */,
			);
		};
/* End PBXProject section */

/* Begin PBXResourcesBuildPhase section */
		6F348BA420542F1A0093BF72 /* Resources */ = {
			isa = PBXResourcesBuildPhase;
			buildActionMask = 2147483647;
			files = (
				6F348BDA20542FE30093BF72 /* SimpleViewController.xib in Resources */,
				6F348BB420542F1A0093BF72 /* LaunchScreen.storyboard in Resources */,
				6F348BB120542F1A0093BF72 /* Assets.xcassets in Resources */,
			);
			runOnlyForDeploymentPostprocessing = 0;
		};
		6F348BB820542F1B0093BF72 /* Resources */ = {
			isa = PBXResourcesBuildPhase;
			buildActionMask = 2147483647;
			files = (
			);
			runOnlyForDeploymentPostprocessing = 0;
		};
		6F348BC320542F1B0093BF72 /* Resources */ = {
			isa = PBXResourcesBuildPhase;
			buildActionMask = 2147483647;
			files = (
			);
			runOnlyForDeploymentPostprocessing = 0;
		};
/* End PBXResourcesBuildPhase section */

/* Begin PBXShellScriptBuildPhase section */
		19D645F292A58EE78992410D /* [CP] Copy Pods Resources */ = {
			isa = PBXShellScriptBuildPhase;
			buildActionMask = 2147483647;
			files = (
			);
			inputPaths = (
			);
			name = "[CP] Copy Pods Resources";
			outputPaths = (
			);
			runOnlyForDeploymentPostprocessing = 0;
			shellPath = /bin/sh;
			shellScript = "\"${SRCROOT}/Pods/Target Support Files/Pods-SwiftMVVMSampleTests/Pods-SwiftMVVMSampleTests-resources.sh\"\n";
			showEnvVarsInLog = 0;
		};
		6AC7FCA939952119B33F8EF6 /* [CP] Check Pods Manifest.lock */ = {
			isa = PBXShellScriptBuildPhase;
			buildActionMask = 2147483647;
			files = (
			);
			inputPaths = (
				"${PODS_PODFILE_DIR_PATH}/Podfile.lock",
				"${PODS_ROOT}/Manifest.lock",
			);
			name = "[CP] Check Pods Manifest.lock";
			outputPaths = (
				"$(DERIVED_FILE_DIR)/Pods-SwiftMVVMSample-checkManifestLockResult.txt",
			);
			runOnlyForDeploymentPostprocessing = 0;
			shellPath = /bin/sh;
			shellScript = "diff \"${PODS_PODFILE_DIR_PATH}/Podfile.lock\" \"${PODS_ROOT}/Manifest.lock\" > /dev/null\nif [ $? != 0 ] ; then\n    # print error to STDERR\n    echo \"error: The sandbox is not in sync with the Podfile.lock. Run 'pod install' or update your CocoaPods installation.\" >&2\n    exit 1\nfi\n# This output is used by Xcode 'outputs' to avoid re-running this script phase.\necho \"SUCCESS\" > \"${SCRIPT_OUTPUT_FILE_0}\"\n";
			showEnvVarsInLog = 0;
		};
		7291DDF683AF5C3B88719DE6 /* [CP] Embed Pods Frameworks */ = {
			isa = PBXShellScriptBuildPhase;
			buildActionMask = 2147483647;
			files = (
			);
			inputPaths = (
				"${SRCROOT}/Pods/Target Support Files/Pods-SwiftMVVMSample/Pods-SwiftMVVMSample-frameworks.sh",
				"${BUILT_PRODUCTS_DIR}/Alamofire/Alamofire.framework",
				"${BUILT_PRODUCTS_DIR}/AlamofireObjectMapper/AlamofireObjectMapper.framework",
				"${BUILT_PRODUCTS_DIR}/Moya/Moya.framework",
				"${BUILT_PRODUCTS_DIR}/ObjectMapper/ObjectMapper.framework",
				"${BUILT_PRODUCTS_DIR}/Result/Result.framework",
				"${BUILT_PRODUCTS_DIR}/RxCocoa/RxCocoa.framework",
				"${BUILT_PRODUCTS_DIR}/RxSwift/RxSwift.framework",
				"${BUILT_PRODUCTS_DIR}/SwiftyJSON/SwiftyJSON.framework",
				"${BUILT_PRODUCTS_DIR}/Swinject/Swinject.framework",
			);
			name = "[CP] Embed Pods Frameworks";
			outputPaths = (
				"${TARGET_BUILD_DIR}/${FRAMEWORKS_FOLDER_PATH}/Alamofire.framework",
				"${TARGET_BUILD_DIR}/${FRAMEWORKS_FOLDER_PATH}/AlamofireObjectMapper.framework",
				"${TARGET_BUILD_DIR}/${FRAMEWORKS_FOLDER_PATH}/Moya.framework",
				"${TARGET_BUILD_DIR}/${FRAMEWORKS_FOLDER_PATH}/ObjectMapper.framework",
				"${TARGET_BUILD_DIR}/${FRAMEWORKS_FOLDER_PATH}/Result.framework",
				"${TARGET_BUILD_DIR}/${FRAMEWORKS_FOLDER_PATH}/RxCocoa.framework",
				"${TARGET_BUILD_DIR}/${FRAMEWORKS_FOLDER_PATH}/RxSwift.framework",
				"${TARGET_BUILD_DIR}/${FRAMEWORKS_FOLDER_PATH}/SwiftyJSON.framework",
				"${TARGET_BUILD_DIR}/${FRAMEWORKS_FOLDER_PATH}/Swinject.framework",
			);
			runOnlyForDeploymentPostprocessing = 0;
			shellPath = /bin/sh;
			shellScript = "\"${SRCROOT}/Pods/Target Support Files/Pods-SwiftMVVMSample/Pods-SwiftMVVMSample-frameworks.sh\"\n";
			showEnvVarsInLog = 0;
		};
		820CC5ECEE34E9A1D53E78FA /* [CP] Embed Pods Frameworks */ = {
			isa = PBXShellScriptBuildPhase;
			buildActionMask = 2147483647;
			files = (
			);
			inputPaths = (
			);
			name = "[CP] Embed Pods Frameworks";
			outputPaths = (
			);
			runOnlyForDeploymentPostprocessing = 0;
			shellPath = /bin/sh;
			shellScript = "\"${SRCROOT}/Pods/Target Support Files/Pods-SwiftMVVMSampleUITests/Pods-SwiftMVVMSampleUITests-frameworks.sh\"\n";
			showEnvVarsInLog = 0;
		};
		8BE5206397EA3A8EC362817E /* [CP] Copy Pods Resources */ = {
			isa = PBXShellScriptBuildPhase;
			buildActionMask = 2147483647;
			files = (
			);
			inputPaths = (
			);
			name = "[CP] Copy Pods Resources";
			outputPaths = (
			);
			runOnlyForDeploymentPostprocessing = 0;
			shellPath = /bin/sh;
			shellScript = "\"${SRCROOT}/Pods/Target Support Files/Pods-SwiftMVVMSample/Pods-SwiftMVVMSample-resources.sh\"\n";
			showEnvVarsInLog = 0;
		};
		9DD70579E7E3555974286C91 /* [CP] Check Pods Manifest.lock */ = {
			isa = PBXShellScriptBuildPhase;
			buildActionMask = 2147483647;
			files = (
			);
			inputPaths = (
				"${PODS_PODFILE_DIR_PATH}/Podfile.lock",
				"${PODS_ROOT}/Manifest.lock",
			);
			name = "[CP] Check Pods Manifest.lock";
			outputPaths = (
				"$(DERIVED_FILE_DIR)/Pods-SwiftMVVMSampleTests-checkManifestLockResult.txt",
			);
			runOnlyForDeploymentPostprocessing = 0;
			shellPath = /bin/sh;
			shellScript = "diff \"${PODS_PODFILE_DIR_PATH}/Podfile.lock\" \"${PODS_ROOT}/Manifest.lock\" > /dev/null\nif [ $? != 0 ] ; then\n    # print error to STDERR\n    echo \"error: The sandbox is not in sync with the Podfile.lock. Run 'pod install' or update your CocoaPods installation.\" >&2\n    exit 1\nfi\n# This output is used by Xcode 'outputs' to avoid re-running this script phase.\necho \"SUCCESS\" > \"${SCRIPT_OUTPUT_FILE_0}\"\n";
			showEnvVarsInLog = 0;
		};
		A3A9581EE37155833E54F994 /* [CP] Check Pods Manifest.lock */ = {
			isa = PBXShellScriptBuildPhase;
			buildActionMask = 2147483647;
			files = (
			);
			inputPaths = (
				"${PODS_PODFILE_DIR_PATH}/Podfile.lock",
				"${PODS_ROOT}/Manifest.lock",
			);
			name = "[CP] Check Pods Manifest.lock";
			outputPaths = (
				"$(DERIVED_FILE_DIR)/Pods-SwiftMVVMSampleUITests-checkManifestLockResult.txt",
			);
			runOnlyForDeploymentPostprocessing = 0;
			shellPath = /bin/sh;
			shellScript = "diff \"${PODS_PODFILE_DIR_PATH}/Podfile.lock\" \"${PODS_ROOT}/Manifest.lock\" > /dev/null\nif [ $? != 0 ] ; then\n    # print error to STDERR\n    echo \"error: The sandbox is not in sync with the Podfile.lock. Run 'pod install' or update your CocoaPods installation.\" >&2\n    exit 1\nfi\n# This output is used by Xcode 'outputs' to avoid re-running this script phase.\necho \"SUCCESS\" > \"${SCRIPT_OUTPUT_FILE_0}\"\n";
			showEnvVarsInLog = 0;
		};
		CE17D5D5E9A994EB43CF2971 /* [CP] Embed Pods Frameworks */ = {
			isa = PBXShellScriptBuildPhase;
			buildActionMask = 2147483647;
			files = (
			);
			inputPaths = (
			);
			name = "[CP] Embed Pods Frameworks";
			outputPaths = (
			);
			runOnlyForDeploymentPostprocessing = 0;
			shellPath = /bin/sh;
			shellScript = "\"${SRCROOT}/Pods/Target Support Files/Pods-SwiftMVVMSampleTests/Pods-SwiftMVVMSampleTests-frameworks.sh\"\n";
			showEnvVarsInLog = 0;
		};
		DA1F76D5C91B3431E62B4272 /* [CP] Copy Pods Resources */ = {
			isa = PBXShellScriptBuildPhase;
			buildActionMask = 2147483647;
			files = (
			);
			inputPaths = (
			);
			name = "[CP] Copy Pods Resources";
			outputPaths = (
			);
			runOnlyForDeploymentPostprocessing = 0;
			shellPath = /bin/sh;
			shellScript = "\"${SRCROOT}/Pods/Target Support Files/Pods-SwiftMVVMSampleUITests/Pods-SwiftMVVMSampleUITests-resources.sh\"\n";
			showEnvVarsInLog = 0;
		};
/* End PBXShellScriptBuildPhase section */

/* Begin PBXSourcesBuildPhase section */
		6F348BA220542F1A0093BF72 /* Sources */ = {
			isa = PBXSourcesBuildPhase;
			buildActionMask = 2147483647;
			files = (
				6FCA88E8205439980030E9B4 /* ViewControllerExtension.swift in Sources */,
				6F348BD920542FE30093BF72 /* SimpleViewController.swift in Sources */,
				6F348BAA20542F1A0093BF72 /* AppDelegate.swift in Sources */,
				6FCA88EB20543B970030E9B4 /* GithubService.swift in Sources */,
				6FCA88E5205438210030E9B4 /* SimpleViewModel.swift in Sources */,
			);
			runOnlyForDeploymentPostprocessing = 0;
		};
		6F348BB620542F1B0093BF72 /* Sources */ = {
			isa = PBXSourcesBuildPhase;
			buildActionMask = 2147483647;
			files = (
				6F348BBF20542F1B0093BF72 /* SwiftMVVMSampleTests.swift in Sources */,
			);
			runOnlyForDeploymentPostprocessing = 0;
		};
		6F348BC120542F1B0093BF72 /* Sources */ = {
			isa = PBXSourcesBuildPhase;
			buildActionMask = 2147483647;
			files = (
				6F348BCA20542F1B0093BF72 /* SwiftMVVMSampleUITests.swift in Sources */,
			);
			runOnlyForDeploymentPostprocessing = 0;
		};
/* End PBXSourcesBuildPhase section */

/* Begin PBXTargetDependency section */
		6F348BBC20542F1B0093BF72 /* PBXTargetDependency */ = {
			isa = PBXTargetDependency;
			target = 6F348BA520542F1A0093BF72 /* SwiftMVVMSample */;
			targetProxy = 6F348BBB20542F1B0093BF72 /* PBXContainerItemProxy */;
		};
		6F348BC720542F1B0093BF72 /* PBXTargetDependency */ = {
			isa = PBXTargetDependency;
			target = 6F348BA520542F1A0093BF72 /* SwiftMVVMSample */;
			targetProxy = 6F348BC620542F1B0093BF72 /* PBXContainerItemProxy */;
		};
/* End PBXTargetDependency section */

/* Begin PBXVariantGroup section */
		6F348BB220542F1A0093BF72 /* LaunchScreen.storyboard */ = {
			isa = PBXVariantGroup;
			children = (
				6F348BB320542F1A0093BF72 /* Base */,
			);
			name = LaunchScreen.storyboard;
			sourceTree = "<group>";
		};
/* End PBXVariantGroup section */

/* Begin XCBuildConfiguration section */
		6F348BCC20542F1B0093BF72 /* Debug */ = {
			isa = XCBuildConfiguration;
			buildSettings = {
				ALWAYS_SEARCH_USER_PATHS = NO;
				CLANG_ANALYZER_NONNULL = YES;
				CLANG_ANALYZER_NUMBER_OBJECT_CONVERSION = YES_AGGRESSIVE;
				CLANG_CXX_LANGUAGE_STANDARD = "gnu++14";
				CLANG_CXX_LIBRARY = "libc++";
				CLANG_ENABLE_MODULES = YES;
				CLANG_ENABLE_OBJC_ARC = YES;
				CLANG_WARN_BLOCK_CAPTURE_AUTORELEASING = YES;
				CLANG_WARN_BOOL_CONVERSION = YES;
				CLANG_WARN_COMMA = YES;
				CLANG_WARN_CONSTANT_CONVERSION = YES;
				CLANG_WARN_DIRECT_OBJC_ISA_USAGE = YES_ERROR;
				CLANG_WARN_DOCUMENTATION_COMMENTS = YES;
				CLANG_WARN_EMPTY_BODY = YES;
				CLANG_WARN_ENUM_CONVERSION = YES;
				CLANG_WARN_INFINITE_RECURSION = YES;
				CLANG_WARN_INT_CONVERSION = YES;
				CLANG_WARN_NON_LITERAL_NULL_CONVERSION = YES;
				CLANG_WARN_OBJC_LITERAL_CONVERSION = YES;
				CLANG_WARN_OBJC_ROOT_CLASS = YES_ERROR;
				CLANG_WARN_RANGE_LOOP_ANALYSIS = YES;
				CLANG_WARN_STRICT_PROTOTYPES = YES;
				CLANG_WARN_SUSPICIOUS_MOVE = YES;
				CLANG_WARN_UNGUARDED_AVAILABILITY = YES_AGGRESSIVE;
				CLANG_WARN_UNREACHABLE_CODE = YES;
				CLANG_WARN__DUPLICATE_METHOD_MATCH = YES;
				CODE_SIGN_IDENTITY = "iPhone Developer";
				COPY_PHASE_STRIP = NO;
				DEBUG_INFORMATION_FORMAT = dwarf;
				ENABLE_STRICT_OBJC_MSGSEND = YES;
				ENABLE_TESTABILITY = YES;
				GCC_C_LANGUAGE_STANDARD = gnu11;
				GCC_DYNAMIC_NO_PIC = NO;
				GCC_NO_COMMON_BLOCKS = YES;
				GCC_OPTIMIZATION_LEVEL = 0;
				GCC_PREPROCESSOR_DEFINITIONS = (
					"DEBUG=1",
					"$(inherited)",
				);
				GCC_WARN_64_TO_32_BIT_CONVERSION = YES;
				GCC_WARN_ABOUT_RETURN_TYPE = YES_ERROR;
				GCC_WARN_UNDECLARED_SELECTOR = YES;
				GCC_WARN_UNINITIALIZED_AUTOS = YES_AGGRESSIVE;
				GCC_WARN_UNUSED_FUNCTION = YES;
				GCC_WARN_UNUSED_VARIABLE = YES;
				IPHONEOS_DEPLOYMENT_TARGET = 11.2;
				MTL_ENABLE_DEBUG_INFO = YES;
				ONLY_ACTIVE_ARCH = YES;
				SDKROOT = iphoneos;
				SWIFT_ACTIVE_COMPILATION_CONDITIONS = DEBUG;
				SWIFT_OPTIMIZATION_LEVEL = "-Onone";
			};
			name = Debug;
		};
		6F348BCD20542F1B0093BF72 /* Release */ = {
			isa = XCBuildConfiguration;
			buildSettings = {
				ALWAYS_SEARCH_USER_PATHS = NO;
				CLANG_ANALYZER_NONNULL = YES;
				CLANG_ANALYZER_NUMBER_OBJECT_CONVERSION = YES_AGGRESSIVE;
				CLANG_CXX_LANGUAGE_STANDARD = "gnu++14";
				CLANG_CXX_LIBRARY = "libc++";
				CLANG_ENABLE_MODULES = YES;
				CLANG_ENABLE_OBJC_ARC = YES;
				CLANG_WARN_BLOCK_CAPTURE_AUTORELEASING = YES;
				CLANG_WARN_BOOL_CONVERSION = YES;
				CLANG_WARN_COMMA = YES;
				CLANG_WARN_CONSTANT_CONVERSION = YES;
				CLANG_WARN_DIRECT_OBJC_ISA_USAGE = YES_ERROR;
				CLANG_WARN_DOCUMENTATION_COMMENTS = YES;
				CLANG_WARN_EMPTY_BODY = YES;
				CLANG_WARN_ENUM_CONVERSION = YES;
				CLANG_WARN_INFINITE_RECURSION = YES;
				CLANG_WARN_INT_CONVERSION = YES;
				CLANG_WARN_NON_LITERAL_NULL_CONVERSION = YES;
				CLANG_WARN_OBJC_LITERAL_CONVERSION = YES;
				CLANG_WARN_OBJC_ROOT_CLASS = YES_ERROR;
				CLANG_WARN_RANGE_LOOP_ANALYSIS = YES;
				CLANG_WARN_STRICT_PROTOTYPES = YES;
				CLANG_WARN_SUSPICIOUS_MOVE = YES;
				CLANG_WARN_UNGUARDED_AVAILABILITY = YES_AGGRESSIVE;
				CLANG_WARN_UNREACHABLE_CODE = YES;
				CLANG_WARN__DUPLICATE_METHOD_MATCH = YES;
				CODE_SIGN_IDENTITY = "iPhone Developer";
				COPY_PHASE_STRIP = NO;
				DEBUG_INFORMATION_FORMAT = "dwarf-with-dsym";
				ENABLE_NS_ASSERTIONS = NO;
				ENABLE_STRICT_OBJC_MSGSEND = YES;
				GCC_C_LANGUAGE_STANDARD = gnu11;
				GCC_NO_COMMON_BLOCKS = YES;
				GCC_WARN_64_TO_32_BIT_CONVERSION = YES;
				GCC_WARN_ABOUT_RETURN_TYPE = YES_ERROR;
				GCC_WARN_UNDECLARED_SELECTOR = YES;
				GCC_WARN_UNINITIALIZED_AUTOS = YES_AGGRESSIVE;
				GCC_WARN_UNUSED_FUNCTION = YES;
				GCC_WARN_UNUSED_VARIABLE = YES;
				IPHONEOS_DEPLOYMENT_TARGET = 11.2;
				MTL_ENABLE_DEBUG_INFO = NO;
				SDKROOT = iphoneos;
				SWIFT_OPTIMIZATION_LEVEL = "-Owholemodule";
				VALIDATE_PRODUCT = YES;
			};
			name = Release;
		};
		6F348BCF20542F1B0093BF72 /* Debug */ = {
			isa = XCBuildConfiguration;
			baseConfigurationReference = DE8FBA5248B1FE26415FFE08 /* Pods-SwiftMVVMSample.debug.xcconfig */;
			buildSettings = {
				ASSETCATALOG_COMPILER_APPICON_NAME = AppIcon;
				CODE_SIGN_STYLE = Automatic;
				INFOPLIST_FILE = SwiftMVVMSample/Info.plist;
				LD_RUNPATH_SEARCH_PATHS = "$(inherited) @executable_path/Frameworks";
				PRODUCT_BUNDLE_IDENTIFIER = com.spring.SwiftMVVMSample;
				PRODUCT_NAME = "$(TARGET_NAME)";
				SWIFT_VERSION = 4.0;
				TARGETED_DEVICE_FAMILY = "1,2";
			};
			name = Debug;
		};
		6F348BD020542F1B0093BF72 /* Release */ = {
			isa = XCBuildConfiguration;
			baseConfigurationReference = 26005C067D5DA8A3160F4778 /* Pods-SwiftMVVMSample.release.xcconfig */;
			buildSettings = {
				ASSETCATALOG_COMPILER_APPICON_NAME = AppIcon;
				CODE_SIGN_STYLE = Automatic;
				INFOPLIST_FILE = SwiftMVVMSample/Info.plist;
				LD_RUNPATH_SEARCH_PATHS = "$(inherited) @executable_path/Frameworks";
				PRODUCT_BUNDLE_IDENTIFIER = com.spring.SwiftMVVMSample;
				PRODUCT_NAME = "$(TARGET_NAME)";
				SWIFT_VERSION = 4.0;
				TARGETED_DEVICE_FAMILY = "1,2";
			};
			name = Release;
		};
		6F348BD220542F1B0093BF72 /* Debug */ = {
			isa = XCBuildConfiguration;
			baseConfigurationReference = 879EB0E039C8D5CEB025E337 /* Pods-SwiftMVVMSampleTests.debug.xcconfig */;
			buildSettings = {
				ALWAYS_EMBED_SWIFT_STANDARD_LIBRARIES = YES;
				BUNDLE_LOADER = "$(TEST_HOST)";
				CODE_SIGN_STYLE = Automatic;
				INFOPLIST_FILE = SwiftMVVMSampleTests/Info.plist;
				LD_RUNPATH_SEARCH_PATHS = "$(inherited) @executable_path/Frameworks @loader_path/Frameworks";
				PRODUCT_BUNDLE_IDENTIFIER = com.spring.SwiftMVVMSampleTests;
				PRODUCT_NAME = "$(TARGET_NAME)";
				SWIFT_VERSION = 4.0;
				TARGETED_DEVICE_FAMILY = "1,2";
				TEST_HOST = "$(BUILT_PRODUCTS_DIR)/SwiftMVVMSample.app/SwiftMVVMSample";
			};
			name = Debug;
		};
		6F348BD320542F1B0093BF72 /* Release */ = {
			isa = XCBuildConfiguration;
			baseConfigurationReference = 71DF7C13774ED92E6BEEAB4B /* Pods-SwiftMVVMSampleTests.release.xcconfig */;
			buildSettings = {
				ALWAYS_EMBED_SWIFT_STANDARD_LIBRARIES = YES;
				BUNDLE_LOADER = "$(TEST_HOST)";
				CODE_SIGN_STYLE = Automatic;
				INFOPLIST_FILE = SwiftMVVMSampleTests/Info.plist;
				LD_RUNPATH_SEARCH_PATHS = "$(inherited) @executable_path/Frameworks @loader_path/Frameworks";
				PRODUCT_BUNDLE_IDENTIFIER = com.spring.SwiftMVVMSampleTests;
				PRODUCT_NAME = "$(TARGET_NAME)";
				SWIFT_VERSION = 4.0;
				TARGETED_DEVICE_FAMILY = "1,2";
				TEST_HOST = "$(BUILT_PRODUCTS_DIR)/SwiftMVVMSample.app/SwiftMVVMSample";
			};
			name = Release;
		};
		6F348BD520542F1B0093BF72 /* Debug */ = {
			isa = XCBuildConfiguration;
			baseConfigurationReference = DD960F0BF86C5AE589D1D9AE /* Pods-SwiftMVVMSampleUITests.debug.xcconfig */;
			buildSettings = {
				ALWAYS_EMBED_SWIFT_STANDARD_LIBRARIES = YES;
				CODE_SIGN_STYLE = Automatic;
				INFOPLIST_FILE = SwiftMVVMSampleUITests/Info.plist;
				LD_RUNPATH_SEARCH_PATHS = "$(inherited) @executable_path/Frameworks @loader_path/Frameworks";
				PRODUCT_BUNDLE_IDENTIFIER = com.spring.SwiftMVVMSampleUITests;
				PRODUCT_NAME = "$(TARGET_NAME)";
				SWIFT_VERSION = 4.0;
				TARGETED_DEVICE_FAMILY = "1,2";
				TEST_TARGET_NAME = SwiftMVVMSample;
			};
			name = Debug;
		};
		6F348BD620542F1B0093BF72 /* Release */ = {
			isa = XCBuildConfiguration;
			baseConfigurationReference = 78B9274449E193E1A76DFE65 /* Pods-SwiftMVVMSampleUITests.release.xcconfig */;
			buildSettings = {
				ALWAYS_EMBED_SWIFT_STANDARD_LIBRARIES = YES;
				CODE_SIGN_STYLE = Automatic;
				INFOPLIST_FILE = SwiftMVVMSampleUITests/Info.plist;
				LD_RUNPATH_SEARCH_PATHS = "$(inherited) @executable_path/Frameworks @loader_path/Frameworks";
				PRODUCT_BUNDLE_IDENTIFIER = com.spring.SwiftMVVMSampleUITests;
				PRODUCT_NAME = "$(TARGET_NAME)";
				SWIFT_VERSION = 4.0;
				TARGETED_DEVICE_FAMILY = "1,2";
				TEST_TARGET_NAME = SwiftMVVMSample;
			};
			name = Release;
		};
/* End XCBuildConfiguration section */

/* Begin XCConfigurationList section */
		6F348BA120542F1A0093BF72 /* Build configuration list for PBXProject "SwiftMVVMSample" */ = {
			isa = XCConfigurationList;
			buildConfigurations = (
				6F348BCC20542F1B0093BF72 /* Debug */,
				6F348BCD20542F1B0093BF72 /* Release */,
			);
			defaultConfigurationIsVisible = 0;
			defaultConfigurationName = Release;
		};
		6F348BCE20542F1B0093BF72 /* Build configuration list for PBXNativeTarget "SwiftMVVMSample" */ = {
			isa = XCConfigurationList;
			buildConfigurations = (
				6F348BCF20542F1B0093BF72 /* Debug */,
				6F348BD020542F1B0093BF72 /* Release */,
			);
			defaultConfigurationIsVisible = 0;
			defaultConfigurationName = Release;
		};
		6F348BD120542F1B0093BF72 /* Build configuration list for PBXNativeTarget "SwiftMVVMSampleTests" */ = {
			isa = XCConfigurationList;
			buildConfigurations = (
				6F348BD220542F1B0093BF72 /* Debug */,
				6F348BD320542F1B0093BF72 /* Release */,
			);
			defaultConfigurationIsVisible = 0;
			defaultConfigurationName = Release;
		};
		6F348BD420542F1B0093BF72 /* Build configuration list for PBXNativeTarget "SwiftMVVMSampleUITests" */ = {
			isa = XCConfigurationList;
			buildConfigurations = (
				6F348BD520542F1B0093BF72 /* Debug */,
				6F348BD620542F1B0093BF72 /* Release */,
			);
			defaultConfigurationIsVisible = 0;
			defaultConfigurationName = Release;
		};
/* End XCConfigurationList section */
	};
	rootObject = 6F348B9E20542F1A0093BF72 /* Project object */;
}
